// !$*UTF8*$!
{
	archiveVersion = 1;
	classes = {
	};
	objectVersion = 46;
	objects = {

/* Begin PBXBuildFile section */
		6028AE43199A6CCF006CDAE1 /* Parse.framework in Frameworks */ = {isa = PBXBuildFile; fileRef = 6028AE42199A6CCF006CDAE1 /* Parse.framework */; };
		6028AE45199A6DD2006CDAE1 /* AudioToolbox.framework in Frameworks */ = {isa = PBXBuildFile; fileRef = 6028AE44199A6DD2006CDAE1 /* AudioToolbox.framework */; };
		6028AE47199A6DE3006CDAE1 /* CFNetwork.framework in Frameworks */ = {isa = PBXBuildFile; fileRef = 6028AE46199A6DE3006CDAE1 /* CFNetwork.framework */; };
		6028AE49199A6DF0006CDAE1 /* CoreLocation.framework in Frameworks */ = {isa = PBXBuildFile; fileRef = 6028AE48199A6DF0006CDAE1 /* CoreLocation.framework */; };
		6028AE4B199A6E02006CDAE1 /* libz.dylib in Frameworks */ = {isa = PBXBuildFile; fileRef = 6028AE4A199A6E01006CDAE1 /* libz.dylib */; };
		6028AE4D199A6E0D006CDAE1 /* MobileCoreServices.framework in Frameworks */ = {isa = PBXBuildFile; fileRef = 6028AE4C199A6E0D006CDAE1 /* MobileCoreServices.framework */; };
		6028AE4F199A6E19006CDAE1 /* QuartzCore.framework in Frameworks */ = {isa = PBXBuildFile; fileRef = 6028AE4E199A6E19006CDAE1 /* QuartzCore.framework */; };
		6028AE51199A6E24006CDAE1 /* Security.framework in Frameworks */ = {isa = PBXBuildFile; fileRef = 6028AE50199A6E24006CDAE1 /* Security.framework */; };
		6028AE53199A6E2B006CDAE1 /* StoreKit.framework in Frameworks */ = {isa = PBXBuildFile; fileRef = 6028AE52199A6E2B006CDAE1 /* StoreKit.framework */; };
		6028AE55199A6E37006CDAE1 /* SystemConfiguration.framework in Frameworks */ = {isa = PBXBuildFile; fileRef = 6028AE54199A6E37006CDAE1 /* SystemConfiguration.framework */; };
		6028AE57199A7003006CDAE1 /* Social.framework in Frameworks */ = {isa = PBXBuildFile; fileRef = 6028AE56199A7003006CDAE1 /* Social.framework */; };
		6028AE59199A7010006CDAE1 /* Accounts.framework in Frameworks */ = {isa = PBXBuildFile; fileRef = 6028AE58199A7010006CDAE1 /* Accounts.framework */; };
		6028AE5B199A7035006CDAE1 /* AdSupport.framework in Frameworks */ = {isa = PBXBuildFile; fileRef = 6028AE5A199A7035006CDAE1 /* AdSupport.framework */; };
		6028AE5D199A705D006CDAE1 /* libsqlite3.dylib in Frameworks */ = {isa = PBXBuildFile; fileRef = 6028AE5C199A705D006CDAE1 /* libsqlite3.dylib */; };
		60534F73199A4761005E7663 /* TLAViewTweetVC.m in Sources */ = {isa = PBXBuildFile; fileRef = 60534F72199A4761005E7663 /* TLAViewTweetVC.m */; };
		6096F1101998F979004EB268 /* Foundation.framework in Frameworks */ = {isa = PBXBuildFile; fileRef = 6096F10F1998F979004EB268 /* Foundation.framework */; };
		6096F1121998F979004EB268 /* CoreGraphics.framework in Frameworks */ = {isa = PBXBuildFile; fileRef = 6096F1111998F979004EB268 /* CoreGraphics.framework */; };
		6096F1141998F979004EB268 /* UIKit.framework in Frameworks */ = {isa = PBXBuildFile; fileRef = 6096F1131998F979004EB268 /* UIKit.framework */; };
		6096F11A1998F979004EB268 /* InfoPlist.strings in Resources */ = {isa = PBXBuildFile; fileRef = 6096F1181998F979004EB268 /* InfoPlist.strings */; };
		6096F11C1998F979004EB268 /* main.m in Sources */ = {isa = PBXBuildFile; fileRef = 6096F11B1998F979004EB268 /* main.m */; };
		6096F1201998F979004EB268 /* TLAAppDelegate.m in Sources */ = {isa = PBXBuildFile; fileRef = 6096F11F1998F979004EB268 /* TLAAppDelegate.m */; };
		6096F1231998F979004EB268 /* Main.storyboard in Resources */ = {isa = PBXBuildFile; fileRef = 6096F1211998F979004EB268 /* Main.storyboard */; };
		6096F1281998F979004EB268 /* Images.xcassets in Resources */ = {isa = PBXBuildFile; fileRef = 6096F1271998F979004EB268 /* Images.xcassets */; };
		6096F12F1998F979004EB268 /* XCTest.framework in Frameworks */ = {isa = PBXBuildFile; fileRef = 6096F12E1998F979004EB268 /* XCTest.framework */; };
		6096F1301998F979004EB268 /* Foundation.framework in Frameworks */ = {isa = PBXBuildFile; fileRef = 6096F10F1998F979004EB268 /* Foundation.framework */; };
		6096F1311998F979004EB268 /* UIKit.framework in Frameworks */ = {isa = PBXBuildFile; fileRef = 6096F1131998F979004EB268 /* UIKit.framework */; };
		6096F1391998F979004EB268 /* InfoPlist.strings in Resources */ = {isa = PBXBuildFile; fileRef = 6096F1371998F979004EB268 /* InfoPlist.strings */; };
		6096F13B1998F979004EB268 /* Tweet_LikeTests.m in Sources */ = {isa = PBXBuildFile; fileRef = 6096F13A1998F979004EB268 /* Tweet_LikeTests.m */; };
		6096F1471998FB2D004EB268 /* TLATweetsTVCTableViewController.m in Sources */ = {isa = PBXBuildFile; fileRef = 6096F1461998FB2D004EB268 /* TLATweetsTVCTableViewController.m */; };
		6096F14B1998FF9C004EB268 /* TLATweetCell.m in Sources */ = {isa = PBXBuildFile; fileRef = 6096F14A1998FF9C004EB268 /* TLATweetCell.m */; };
		6096F14E1999056F004EB268 /* TLANewTweetVC.m in Sources */ = {isa = PBXBuildFile; fileRef = 6096F14D1999056F004EB268 /* TLANewTweetVC.m */; };
		6096F150199920A9004EB268 /* header_logo.png in Resources */ = {isa = PBXBuildFile; fileRef = 6096F14F199920A9004EB268 /* header_logo.png */; };
		6096F156199934BD004EB268 /* heart.png in Resources */ = {isa = PBXBuildFile; fileRef = 6096F151199934BD004EB268 /* heart.png */; };
		6096F157199934BD004EB268 /* launch_568.png in Resources */ = {isa = PBXBuildFile; fileRef = 6096F152199934BD004EB268 /* launch_568.png */; };
		6096F158199934BD004EB268 /* list_568.png in Resources */ = {isa = PBXBuildFile; fileRef = 6096F153199934BD004EB268 /* list_568.png */; };
		6096F159199934BD004EB268 /* new_tweet_568.png in Resources */ = {isa = PBXBuildFile; fileRef = 6096F154199934BD004EB268 /* new_tweet_568.png */; };
		6096F15A199934BD004EB268 /* swipe_button.png in Resources */ = {isa = PBXBuildFile; fileRef = 6096F155199934BD004EB268 /* swipe_button.png */; };
		BCF153A221384F7B8936D58B /* libPods.a in Frameworks */ = {isa = PBXBuildFile; fileRef = 89ECCC8CBF084B3BA937EC29 /* libPods.a */; };
/* End PBXBuildFile section */

/* Begin PBXContainerItemProxy section */
		6096F1321998F979004EB268 /* PBXContainerItemProxy */ = {
			isa = PBXContainerItemProxy;
			containerPortal = 6096F1041998F979004EB268 /* Project object */;
			proxyType = 1;
			remoteGlobalIDString = 6096F10B1998F979004EB268;
			remoteInfo = "Tweet Like";
		};
/* End PBXContainerItemProxy section */

/* Begin PBXFileReference section */
		6028AE42199A6CCF006CDAE1 /* Parse.framework */ = {isa = PBXFileReference; lastKnownFileType = wrapper.framework; path = Parse.framework; sourceTree = "<group>"; };
		6028AE44199A6DD2006CDAE1 /* AudioToolbox.framework */ = {isa = PBXFileReference; lastKnownFileType = wrapper.framework; name = AudioToolbox.framework; path = System/Library/Frameworks/AudioToolbox.framework; sourceTree = SDKROOT; };
		6028AE46199A6DE3006CDAE1 /* CFNetwork.framework */ = {isa = PBXFileReference; lastKnownFileType = wrapper.framework; name = CFNetwork.framework; path = System/Library/Frameworks/CFNetwork.framework; sourceTree = SDKROOT; };
		6028AE48199A6DF0006CDAE1 /* CoreLocation.framework */ = {isa = PBXFileReference; lastKnownFileType = wrapper.framework; name = CoreLocation.framework; path = System/Library/Frameworks/CoreLocation.framework; sourceTree = SDKROOT; };
		6028AE4A199A6E01006CDAE1 /* libz.dylib */ = {isa = PBXFileReference; lastKnownFileType = "compiled.mach-o.dylib"; name = libz.dylib; path = usr/lib/libz.dylib; sourceTree = SDKROOT; };
		6028AE4C199A6E0D006CDAE1 /* MobileCoreServices.framework */ = {isa = PBXFileReference; lastKnownFileType = wrapper.framework; name = MobileCoreServices.framework; path = System/Library/Frameworks/MobileCoreServices.framework; sourceTree = SDKROOT; };
		6028AE4E199A6E19006CDAE1 /* QuartzCore.framework */ = {isa = PBXFileReference; lastKnownFileType = wrapper.framework; name = QuartzCore.framework; path = System/Library/Frameworks/QuartzCore.framework; sourceTree = SDKROOT; };
		6028AE50199A6E24006CDAE1 /* Security.framework */ = {isa = PBXFileReference; lastKnownFileType = wrapper.framework; name = Security.framework; path = System/Library/Frameworks/Security.framework; sourceTree = SDKROOT; };
		6028AE52199A6E2B006CDAE1 /* StoreKit.framework */ = {isa = PBXFileReference; lastKnownFileType = wrapper.framework; name = StoreKit.framework; path = System/Library/Frameworks/StoreKit.framework; sourceTree = SDKROOT; };
		6028AE54199A6E37006CDAE1 /* SystemConfiguration.framework */ = {isa = PBXFileReference; lastKnownFileType = wrapper.framework; name = SystemConfiguration.framework; path = System/Library/Frameworks/SystemConfiguration.framework; sourceTree = SDKROOT; };
		6028AE56199A7003006CDAE1 /* Social.framework */ = {isa = PBXFileReference; lastKnownFileType = wrapper.framework; name = Social.framework; path = System/Library/Frameworks/Social.framework; sourceTree = SDKROOT; };
		6028AE58199A7010006CDAE1 /* Accounts.framework */ = {isa = PBXFileReference; lastKnownFileType = wrapper.framework; name = Accounts.framework; path = System/Library/Frameworks/Accounts.framework; sourceTree = SDKROOT; };
		6028AE5A199A7035006CDAE1 /* AdSupport.framework */ = {isa = PBXFileReference; lastKnownFileType = wrapper.framework; name = AdSupport.framework; path = System/Library/Frameworks/AdSupport.framework; sourceTree = SDKROOT; };
		6028AE5C199A705D006CDAE1 /* libsqlite3.dylib */ = {isa = PBXFileReference; lastKnownFileType = "compiled.mach-o.dylib"; name = libsqlite3.dylib; path = usr/lib/libsqlite3.dylib; sourceTree = SDKROOT; };
		60534F71199A4761005E7663 /* TLAViewTweetVC.h */ = {isa = PBXFileReference; fileEncoding = 4; lastKnownFileType = sourcecode.c.h; path = TLAViewTweetVC.h; sourceTree = "<group>"; };
		60534F72199A4761005E7663 /* TLAViewTweetVC.m */ = {isa = PBXFileReference; fileEncoding = 4; lastKnownFileType = sourcecode.c.objc; path = TLAViewTweetVC.m; sourceTree = "<group>"; };
		605430D7199A4C1D00D8FCFB /* PodFile */ = {isa = PBXFileReference; lastKnownFileType = text; path = PodFile; sourceTree = "<group>"; xcLanguageSpecificationIdentifier = xcode.lang.ruby; };
		6096F10C1998F979004EB268 /* Tweet Like.app */ = {isa = PBXFileReference; explicitFileType = wrapper.application; includeInIndex = 0; path = "Tweet Like.app"; sourceTree = BUILT_PRODUCTS_DIR; };
		6096F10F1998F979004EB268 /* Foundation.framework */ = {isa = PBXFileReference; lastKnownFileType = wrapper.framework; name = Foundation.framework; path = System/Library/Frameworks/Foundation.framework; sourceTree = SDKROOT; };
		6096F1111998F979004EB268 /* CoreGraphics.framework */ = {isa = PBXFileReference; lastKnownFileType = wrapper.framework; name = CoreGraphics.framework; path = System/Library/Frameworks/CoreGraphics.framework; sourceTree = SDKROOT; };
		6096F1131998F979004EB268 /* UIKit.framework */ = {isa = PBXFileReference; lastKnownFileType = wrapper.framework; name = UIKit.framework; path = System/Library/Frameworks/UIKit.framework; sourceTree = SDKROOT; };
		6096F1171998F979004EB268 /* Tweet Like-Info.plist */ = {isa = PBXFileReference; lastKnownFileType = text.plist.xml; path = "Tweet Like-Info.plist"; sourceTree = "<group>"; };
		6096F1191998F979004EB268 /* en */ = {isa = PBXFileReference; lastKnownFileType = text.plist.strings; name = en; path = en.lproj/InfoPlist.strings; sourceTree = "<group>"; };
		6096F11B1998F979004EB268 /* main.m */ = {isa = PBXFileReference; lastKnownFileType = sourcecode.c.objc; path = main.m; sourceTree = "<group>"; };
		6096F11D1998F979004EB268 /* Tweet Like-Prefix.pch */ = {isa = PBXFileReference; lastKnownFileType = sourcecode.c.h; path = "Tweet Like-Prefix.pch"; sourceTree = "<group>"; };
		6096F11E1998F979004EB268 /* TLAAppDelegate.h */ = {isa = PBXFileReference; lastKnownFileType = sourcecode.c.h; name = TLAAppDelegate.h; path = "Tweet Like/TLAAppDelegate.h"; sourceTree = "<group>"; };
		6096F11F1998F979004EB268 /* TLAAppDelegate.m */ = {isa = PBXFileReference; lastKnownFileType = sourcecode.c.objc; name = TLAAppDelegate.m; path = "Tweet Like/TLAAppDelegate.m"; sourceTree = "<group>"; };
		6096F1221998F979004EB268 /* Base */ = {isa = PBXFileReference; lastKnownFileType = file.storyboard; name = Base; path = Base.lproj/Main.storyboard; sourceTree = "<group>"; };
		6096F1271998F979004EB268 /* Images.xcassets */ = {isa = PBXFileReference; lastKnownFileType = folder.assetcatalog; path = Images.xcassets; sourceTree = "<group>"; };
		6096F12D1998F979004EB268 /* Tweet LikeTests.xctest */ = {isa = PBXFileReference; explicitFileType = wrapper.cfbundle; includeInIndex = 0; path = "Tweet LikeTests.xctest"; sourceTree = BUILT_PRODUCTS_DIR; };
		6096F12E1998F979004EB268 /* XCTest.framework */ = {isa = PBXFileReference; lastKnownFileType = wrapper.framework; name = XCTest.framework; path = Library/Frameworks/XCTest.framework; sourceTree = DEVELOPER_DIR; };
		6096F1361998F979004EB268 /* Tweet LikeTests-Info.plist */ = {isa = PBXFileReference; lastKnownFileType = text.plist.xml; path = "Tweet LikeTests-Info.plist"; sourceTree = "<group>"; };
		6096F1381998F979004EB268 /* en */ = {isa = PBXFileReference; lastKnownFileType = text.plist.strings; name = en; path = en.lproj/InfoPlist.strings; sourceTree = "<group>"; };
		6096F13A1998F979004EB268 /* Tweet_LikeTests.m */ = {isa = PBXFileReference; lastKnownFileType = sourcecode.c.objc; path = Tweet_LikeTests.m; sourceTree = "<group>"; };
		6096F1451998FB2D004EB268 /* TLATweetsTVCTableViewController.h */ = {isa = PBXFileReference; fileEncoding = 4; lastKnownFileType = sourcecode.c.h; path = TLATweetsTVCTableViewController.h; sourceTree = "<group>"; };
		6096F1461998FB2D004EB268 /* TLATweetsTVCTableViewController.m */ = {isa = PBXFileReference; fileEncoding = 4; lastKnownFileType = sourcecode.c.objc; path = TLATweetsTVCTableViewController.m; sourceTree = "<group>"; };
		6096F1491998FF9C004EB268 /* TLATweetCell.h */ = {isa = PBXFileReference; fileEncoding = 4; lastKnownFileType = sourcecode.c.h; path = TLATweetCell.h; sourceTree = "<group>"; };
		6096F14A1998FF9C004EB268 /* TLATweetCell.m */ = {isa = PBXFileReference; fileEncoding = 4; lastKnownFileType = sourcecode.c.objc; path = TLATweetCell.m; sourceTree = "<group>"; };
		6096F14C1999056F004EB268 /* TLANewTweetVC.h */ = {isa = PBXFileReference; fileEncoding = 4; lastKnownFileType = sourcecode.c.h; path = TLANewTweetVC.h; sourceTree = "<group>"; };
		6096F14D1999056F004EB268 /* TLANewTweetVC.m */ = {isa = PBXFileReference; fileEncoding = 4; lastKnownFileType = sourcecode.c.objc; path = TLANewTweetVC.m; sourceTree = "<group>"; };
		6096F14F199920A9004EB268 /* header_logo.png */ = {isa = PBXFileReference; lastKnownFileType = image.png; path = header_logo.png; sourceTree = "<group>"; };
		6096F151199934BD004EB268 /* heart.png */ = {isa = PBXFileReference; lastKnownFileType = image.png; path = heart.png; sourceTree = "<group>"; };
		6096F152199934BD004EB268 /* launch_568.png */ = {isa = PBXFileReference; lastKnownFileType = image.png; path = launch_568.png; sourceTree = "<group>"; };
		6096F153199934BD004EB268 /* list_568.png */ = {isa = PBXFileReference; lastKnownFileType = image.png; path = list_568.png; sourceTree = "<group>"; };
		6096F154199934BD004EB268 /* new_tweet_568.png */ = {isa = PBXFileReference; lastKnownFileType = image.png; path = new_tweet_568.png; sourceTree = "<group>"; };
		6096F155199934BD004EB268 /* swipe_button.png */ = {isa = PBXFileReference; lastKnownFileType = image.png; path = swipe_button.png; sourceTree = "<group>"; };
		89ECCC8CBF084B3BA937EC29 /* libPods.a */ = {isa = PBXFileReference; explicitFileType = archive.ar; includeInIndex = 0; path = libPods.a; sourceTree = BUILT_PRODUCTS_DIR; };
		FB1D37B831644F24A2EF89CE /* Pods.xcconfig */ = {isa = PBXFileReference; includeInIndex = 1; lastKnownFileType = text.xcconfig; name = Pods.xcconfig; path = Pods/Pods.xcconfig; sourceTree = "<group>"; };
/* End PBXFileReference section */

/* Begin PBXFrameworksBuildPhase section */
		6096F1091998F979004EB268 /* Frameworks */ = {
			isa = PBXFrameworksBuildPhase;
			buildActionMask = 2147483647;
			files = (
				6028AE5D199A705D006CDAE1 /* libsqlite3.dylib in Frameworks */,
				6028AE5B199A7035006CDAE1 /* AdSupport.framework in Frameworks */,
				6028AE59199A7010006CDAE1 /* Accounts.framework in Frameworks */,
				6028AE57199A7003006CDAE1 /* Social.framework in Frameworks */,
				6028AE55199A6E37006CDAE1 /* SystemConfiguration.framework in Frameworks */,
				6028AE53199A6E2B006CDAE1 /* StoreKit.framework in Frameworks */,
				6028AE51199A6E24006CDAE1 /* Security.framework in Frameworks */,
				6028AE4F199A6E19006CDAE1 /* QuartzCore.framework in Frameworks */,
				6028AE4D199A6E0D006CDAE1 /* MobileCoreServices.framework in Frameworks */,
				6028AE4B199A6E02006CDAE1 /* libz.dylib in Frameworks */,
				6028AE49199A6DF0006CDAE1 /* CoreLocation.framework in Frameworks */,
				6028AE47199A6DE3006CDAE1 /* CFNetwork.framework in Frameworks */,
				6028AE45199A6DD2006CDAE1 /* AudioToolbox.framework in Frameworks */,
				6096F1121998F979004EB268 /* CoreGraphics.framework in Frameworks */,
				6096F1141998F979004EB268 /* UIKit.framework in Frameworks */,
				6096F1101998F979004EB268 /* Foundation.framework in Frameworks */,
				BCF153A221384F7B8936D58B /* libPods.a in Frameworks */,
				6028AE43199A6CCF006CDAE1 /* Parse.framework in Frameworks */,
			);
			runOnlyForDeploymentPostprocessing = 0;
		};
		6096F12A1998F979004EB268 /* Frameworks */ = {
			isa = PBXFrameworksBuildPhase;
			buildActionMask = 2147483647;
			files = (
				6096F12F1998F979004EB268 /* XCTest.framework in Frameworks */,
				6096F1311998F979004EB268 /* UIKit.framework in Frameworks */,
				6096F1301998F979004EB268 /* Foundation.framework in Frameworks */,
			);
			runOnlyForDeploymentPostprocessing = 0;
		};
/* End PBXFrameworksBuildPhase section */

/* Begin PBXGroup section */
		60534F74199A478C005E7663 /* Tweet Cell */ = {
			isa = PBXGroup;
			children = (
				6096F1491998FF9C004EB268 /* TLATweetCell.h */,
				6096F14A1998FF9C004EB268 /* TLATweetCell.m */,
				60534F75199A47B3005E7663 /* Delegate */,
			);
			name = "Tweet Cell";
			sourceTree = "<group>";
		};
		60534F75199A47B3005E7663 /* Delegate */ = {
			isa = PBXGroup;
			children = (
				6096F11E1998F979004EB268 /* TLAAppDelegate.h */,
				6096F11F1998F979004EB268 /* TLAAppDelegate.m */,
			);
			name = Delegate;
			sourceTree = "<group>";
		};
		6096F1031998F979004EB268 = {
			isa = PBXGroup;
			children = (
				605430D7199A4C1D00D8FCFB /* PodFile */,
				6096F1151998F979004EB268 /* Tweet Like */,
				6096F1341998F979004EB268 /* Tweet LikeTests */,
				6096F10E1998F979004EB268 /* Frameworks */,
				6096F10D1998F979004EB268 /* Products */,
				FB1D37B831644F24A2EF89CE /* Pods.xcconfig */,
			);
			sourceTree = "<group>";
		};
		6096F10D1998F979004EB268 /* Products */ = {
			isa = PBXGroup;
			children = (
				6096F10C1998F979004EB268 /* Tweet Like.app */,
				6096F12D1998F979004EB268 /* Tweet LikeTests.xctest */,
			);
			name = Products;
			sourceTree = "<group>";
		};
		6096F10E1998F979004EB268 /* Frameworks */ = {
			isa = PBXGroup;
			children = (
				6028AE5C199A705D006CDAE1 /* libsqlite3.dylib */,
				6028AE5A199A7035006CDAE1 /* AdSupport.framework */,
				6028AE58199A7010006CDAE1 /* Accounts.framework */,
				6028AE56199A7003006CDAE1 /* Social.framework */,
				6028AE54199A6E37006CDAE1 /* SystemConfiguration.framework */,
				6028AE52199A6E2B006CDAE1 /* StoreKit.framework */,
				6028AE50199A6E24006CDAE1 /* Security.framework */,
				6028AE4E199A6E19006CDAE1 /* QuartzCore.framework */,
				6028AE4C199A6E0D006CDAE1 /* MobileCoreServices.framework */,
				6028AE4A199A6E01006CDAE1 /* libz.dylib */,
				6028AE48199A6DF0006CDAE1 /* CoreLocation.framework */,
				6028AE46199A6DE3006CDAE1 /* CFNetwork.framework */,
				6028AE44199A6DD2006CDAE1 /* AudioToolbox.framework */,
				6028AE42199A6CCF006CDAE1 /* Parse.framework */,
				6096F10F1998F979004EB268 /* Foundation.framework */,
				6096F1111998F979004EB268 /* CoreGraphics.framework */,
				6096F1131998F979004EB268 /* UIKit.framework */,
				6096F12E1998F979004EB268 /* XCTest.framework */,
				89ECCC8CBF084B3BA937EC29 /* libPods.a */,
			);
			name = Frameworks;
			sourceTree = "<group>";
		};
		6096F1151998F979004EB268 /* Tweet Like */ = {
			isa = PBXGroup;
			children = (
				6096F1441998FAF9004EB268 /* Controllers */,
				6096F1211998F979004EB268 /* Main.storyboard */,
				6096F15B19994CF9004EB268 /* images */,
				6096F1271998F979004EB268 /* Images.xcassets */,
				6096F1161998F979004EB268 /* Supporting Files */,
			);
			path = "Tweet Like";
			sourceTree = "<group>";
		};
		6096F1161998F979004EB268 /* Supporting Files */ = {
			isa = PBXGroup;
			children = (
				6096F1171998F979004EB268 /* Tweet Like-Info.plist */,
				6096F1181998F979004EB268 /* InfoPlist.strings */,
				6096F11B1998F979004EB268 /* main.m */,
				6096F11D1998F979004EB268 /* Tweet Like-Prefix.pch */,
			);
			name = "Supporting Files";
			sourceTree = "<group>";
		};
		6096F1341998F979004EB268 /* Tweet LikeTests */ = {
			isa = PBXGroup;
			children = (
				6096F13A1998F979004EB268 /* Tweet_LikeTests.m */,
				6096F1351998F979004EB268 /* Supporting Files */,
			);
			path = "Tweet LikeTests";
			sourceTree = "<group>";
		};
		6096F1351998F979004EB268 /* Supporting Files */ = {
			isa = PBXGroup;
			children = (
				6096F1361998F979004EB268 /* Tweet LikeTests-Info.plist */,
				6096F1371998F979004EB268 /* InfoPlist.strings */,
			);
			name = "Supporting Files";
			sourceTree = "<group>";
		};
		6096F1441998FAF9004EB268 /* Controllers */ = {
			isa = PBXGroup;
			children = (
				6096F1451998FB2D004EB268 /* TLATweetsTVCTableViewController.h */,
				6096F1461998FB2D004EB268 /* TLATweetsTVCTableViewController.m */,
				6096F1481998FF6C004EB268 /* Tweets TVC */,
			);
			name = Controllers;
			path = ..;
			sourceTree = "<group>";
		};
		6096F1481998FF6C004EB268 /* Tweets TVC */ = {
			isa = PBXGroup;
			children = (
				6096F14C1999056F004EB268 /* TLANewTweetVC.h */,
				6096F14D1999056F004EB268 /* TLANewTweetVC.m */,
				60534F71199A4761005E7663 /* TLAViewTweetVC.h */,
				60534F72199A4761005E7663 /* TLAViewTweetVC.m */,
				60534F74199A478C005E7663 /* Tweet Cell */,
			);
			name = "Tweets TVC";
			sourceTree = "<group>";
		};
		6096F15B19994CF9004EB268 /* images */ = {
			isa = PBXGroup;
			children = (
				6096F151199934BD004EB268 /* heart.png */,
				6096F152199934BD004EB268 /* launch_568.png */,
				6096F153199934BD004EB268 /* list_568.png */,
				6096F154199934BD004EB268 /* new_tweet_568.png */,
				6096F155199934BD004EB268 /* swipe_button.png */,
				6096F14F199920A9004EB268 /* header_logo.png */,
			);
			name = images;
			path = ..;
			sourceTree = "<group>";
		};
/* End PBXGroup section */

/* Begin PBXNativeTarget section */
		6096F10B1998F979004EB268 /* Tweet Like */ = {
			isa = PBXNativeTarget;
			buildConfigurationList = 6096F13E1998F979004EB268 /* Build configuration list for PBXNativeTarget "Tweet Like" */;
			buildPhases = (
				B616EE56136A4B608C0EE66A /* Check Pods Manifest.lock */,
				6096F1081998F979004EB268 /* Sources */,
				6096F1091998F979004EB268 /* Frameworks */,
				6096F10A1998F979004EB268 /* Resources */,
				7CF0FFB33C53418B99F310FE /* Copy Pods Resources */,
			);
			buildRules = (
			);
			dependencies = (
			);
			name = "Tweet Like";
			productName = "Tweet Like";
			productReference = 6096F10C1998F979004EB268 /* Tweet Like.app */;
			productType = "com.apple.product-type.application";
		};
		6096F12C1998F979004EB268 /* Tweet LikeTests */ = {
			isa = PBXNativeTarget;
			buildConfigurationList = 6096F1411998F979004EB268 /* Build configuration list for PBXNativeTarget "Tweet LikeTests" */;
			buildPhases = (
				6096F1291998F979004EB268 /* Sources */,
				6096F12A1998F979004EB268 /* Frameworks */,
				6096F12B1998F979004EB268 /* Resources */,
			);
			buildRules = (
			);
			dependencies = (
				6096F1331998F979004EB268 /* PBXTargetDependency */,
			);
			name = "Tweet LikeTests";
			productName = "Tweet LikeTests";
			productReference = 6096F12D1998F979004EB268 /* Tweet LikeTests.xctest */;
			productType = "com.apple.product-type.bundle.unit-test";
		};
/* End PBXNativeTarget section */

/* Begin PBXProject section */
		6096F1041998F979004EB268 /* Project object */ = {
			isa = PBXProject;
			attributes = {
				CLASSPREFIX = TLA;
				LastUpgradeCheck = 0510;
				ORGANIZATIONNAME = "Daniel Merrill";
				TargetAttributes = {
					6096F12C1998F979004EB268 = {
						TestTargetID = 6096F10B1998F979004EB268;
					};
				};
			};
			buildConfigurationList = 6096F1071998F979004EB268 /* Build configuration list for PBXProject "Tweet Like" */;
			compatibilityVersion = "Xcode 3.2";
			developmentRegion = English;
			hasScannedForEncodings = 0;
			knownRegions = (
				en,
				Base,
			);
			mainGroup = 6096F1031998F979004EB268;
			productRefGroup = 6096F10D1998F979004EB268 /* Products */;
			projectDirPath = "";
			projectRoot = "";
			targets = (
				6096F10B1998F979004EB268 /* Tweet Like */,
				6096F12C1998F979004EB268 /* Tweet LikeTests */,
			);
		};
/* End PBXProject section */

/* Begin PBXResourcesBuildPhase section */
		6096F10A1998F979004EB268 /* Resources */ = {
			isa = PBXResourcesBuildPhase;
			buildActionMask = 2147483647;
			files = (
				6096F159199934BD004EB268 /* new_tweet_568.png in Resources */,
				6096F15A199934BD004EB268 /* swipe_button.png in Resources */,
				6096F157199934BD004EB268 /* launch_568.png in Resources */,
				6096F158199934BD004EB268 /* list_568.png in Resources */,
				6096F1281998F979004EB268 /* Images.xcassets in Resources */,
				6096F11A1998F979004EB268 /* InfoPlist.strings in Resources */,
				6096F156199934BD004EB268 /* heart.png in Resources */,
				6096F1231998F979004EB268 /* Main.storyboard in Resources */,
				6096F150199920A9004EB268 /* header_logo.png in Resources */,
			);
			runOnlyForDeploymentPostprocessing = 0;
		};
		6096F12B1998F979004EB268 /* Resources */ = {
			isa = PBXResourcesBuildPhase;
			buildActionMask = 2147483647;
			files = (
				6096F1391998F979004EB268 /* InfoPlist.strings in Resources */,
			);
			runOnlyForDeploymentPostprocessing = 0;
		};
/* End PBXResourcesBuildPhase section */

/* Begin PBXShellScriptBuildPhase section */
		7CF0FFB33C53418B99F310FE /* Copy Pods Resources */ = {
			isa = PBXShellScriptBuildPhase;
			buildActionMask = 2147483647;
			files = (
			);
			inputPaths = (
			);
			name = "Copy Pods Resources";
			outputPaths = (
			);
			runOnlyForDeploymentPostprocessing = 0;
			shellPath = /bin/sh;
			shellScript = "\"${SRCROOT}/Pods/Pods-resources.sh\"\n";
			showEnvVarsInLog = 0;
		};
		B616EE56136A4B608C0EE66A /* Check Pods Manifest.lock */ = {
			isa = PBXShellScriptBuildPhase;
			buildActionMask = 2147483647;
			files = (
			);
			inputPaths = (
			);
			name = "Check Pods Manifest.lock";
			outputPaths = (
			);
			runOnlyForDeploymentPostprocessing = 0;
			shellPath = /bin/sh;
			shellScript = "diff \"${PODS_ROOT}/../Podfile.lock\" \"${PODS_ROOT}/Manifest.lock\" > /dev/null\nif [[ $? != 0 ]] ; then\n    cat << EOM\nerror: The sandbox is not in sync with the Podfile.lock. Run 'pod install' or update your CocoaPods installation.\nEOM\n    exit 1\nfi\n";
			showEnvVarsInLog = 0;
		};
/* End PBXShellScriptBuildPhase section */

/* Begin PBXSourcesBuildPhase section */
		6096F1081998F979004EB268 /* Sources */ = {
			isa = PBXSourcesBuildPhase;
			buildActionMask = 2147483647;
			files = (
				6096F1471998FB2D004EB268 /* TLATweetsTVCTableViewController.m in Sources */,
				6096F1201998F979004EB268 /* TLAAppDelegate.m in Sources */,
				6096F11C1998F979004EB268 /* main.m in Sources */,
				6096F14B1998FF9C004EB268 /* TLATweetCell.m in Sources */,
				6096F14E1999056F004EB268 /* TLANewTweetVC.m in Sources */,
				60534F73199A4761005E7663 /* TLAViewTweetVC.m in Sources */,
			);
			runOnlyForDeploymentPostprocessing = 0;
		};
		6096F1291998F979004EB268 /* Sources */ = {
			isa = PBXSourcesBuildPhase;
			buildActionMask = 2147483647;
			files = (
				6096F13B1998F979004EB268 /* Tweet_LikeTests.m in Sources */,
			);
			runOnlyForDeploymentPostprocessing = 0;
		};
/* End PBXSourcesBuildPhase section */

/* Begin PBXTargetDependency section */
		6096F1331998F979004EB268 /* PBXTargetDependency */ = {
			isa = PBXTargetDependency;
			target = 6096F10B1998F979004EB268 /* Tweet Like */;
			targetProxy = 6096F1321998F979004EB268 /* PBXContainerItemProxy */;
		};
/* End PBXTargetDependency section */

/* Begin PBXVariantGroup section */
		6096F1181998F979004EB268 /* InfoPlist.strings */ = {
			isa = PBXVariantGroup;
			children = (
				6096F1191998F979004EB268 /* en */,
			);
			name = InfoPlist.strings;
			sourceTree = "<group>";
		};
		6096F1211998F979004EB268 /* Main.storyboard */ = {
			isa = PBXVariantGroup;
			children = (
				6096F1221998F979004EB268 /* Base */,
			);
			name = Main.storyboard;
			sourceTree = "<group>";
		};
		6096F1371998F979004EB268 /* InfoPlist.strings */ = {
			isa = PBXVariantGroup;
			children = (
				6096F1381998F979004EB268 /* en */,
			);
			name = InfoPlist.strings;
			sourceTree = "<group>";
		};
/* End PBXVariantGroup section */

/* Begin XCBuildConfiguration section */
		6096F13C1998F979004EB268 /* Debug */ = {
			isa = XCBuildConfiguration;
			buildSettings = {
				ALWAYS_SEARCH_USER_PATHS = NO;
				CLANG_CXX_LANGUAGE_STANDARD = "gnu++0x";
				CLANG_CXX_LIBRARY = "libc++";
				CLANG_ENABLE_MODULES = YES;
				CLANG_ENABLE_OBJC_ARC = YES;
				CLANG_WARN_BOOL_CONVERSION = YES;
				CLANG_WARN_CONSTANT_CONVERSION = YES;
				CLANG_WARN_DIRECT_OBJC_ISA_USAGE = YES_ERROR;
				CLANG_WARN_EMPTY_BODY = YES;
				CLANG_WARN_ENUM_CONVERSION = YES;
				CLANG_WARN_INT_CONVERSION = YES;
				CLANG_WARN_OBJC_ROOT_CLASS = YES_ERROR;
				CLANG_WARN__DUPLICATE_METHOD_MATCH = YES;
				"CODE_SIGN_IDENTITY[sdk=iphoneos*]" = "iPhone Developer";
				COPY_PHASE_STRIP = NO;
				GCC_C_LANGUAGE_STANDARD = gnu99;
				GCC_DYNAMIC_NO_PIC = NO;
				GCC_OPTIMIZATION_LEVEL = 0;
				GCC_PREPROCESSOR_DEFINITIONS = (
					"DEBUG=1",
					"$(inherited)",
				);
				GCC_SYMBOLS_PRIVATE_EXTERN = NO;
				GCC_WARN_64_TO_32_BIT_CONVERSION = YES;
				GCC_WARN_ABOUT_RETURN_TYPE = YES_ERROR;
				GCC_WARN_UNDECLARED_SELECTOR = YES;
				GCC_WARN_UNINITIALIZED_AUTOS = YES_AGGRESSIVE;
				GCC_WARN_UNUSED_FUNCTION = YES;
				GCC_WARN_UNUSED_VARIABLE = YES;
				IPHONEOS_DEPLOYMENT_TARGET = 7.1;
				ONLY_ACTIVE_ARCH = YES;
				SDKROOT = iphoneos;
			};
			name = Debug;
		};
		6096F13D1998F979004EB268 /* Release */ = {
			isa = XCBuildConfiguration;
			buildSettings = {
				ALWAYS_SEARCH_USER_PATHS = NO;
				CLANG_CXX_LANGUAGE_STANDARD = "gnu++0x";
				CLANG_CXX_LIBRARY = "libc++";
				CLANG_ENABLE_MODULES = YES;
				CLANG_ENABLE_OBJC_ARC = YES;
				CLANG_WARN_BOOL_CONVERSION = YES;
				CLANG_WARN_CONSTANT_CONVERSION = YES;
				CLANG_WARN_DIRECT_OBJC_ISA_USAGE = YES_ERROR;
				CLANG_WARN_EMPTY_BODY = YES;
				CLANG_WARN_ENUM_CONVERSION = YES;
				CLANG_WARN_INT_CONVERSION = YES;
				CLANG_WARN_OBJC_ROOT_CLASS = YES_ERROR;
				CLANG_WARN__DUPLICATE_METHOD_MATCH = YES;
				"CODE_SIGN_IDENTITY[sdk=iphoneos*]" = "iPhone Developer";
				COPY_PHASE_STRIP = YES;
				ENABLE_NS_ASSERTIONS = NO;
				GCC_C_LANGUAGE_STANDARD = gnu99;
				GCC_WARN_64_TO_32_BIT_CONVERSION = YES;
				GCC_WARN_ABOUT_RETURN_TYPE = YES_ERROR;
				GCC_WARN_UNDECLARED_SELECTOR = YES;
				GCC_WARN_UNINITIALIZED_AUTOS = YES_AGGRESSIVE;
				GCC_WARN_UNUSED_FUNCTION = YES;
				GCC_WARN_UNUSED_VARIABLE = YES;
				IPHONEOS_DEPLOYMENT_TARGET = 7.1;
				SDKROOT = iphoneos;
				VALIDATE_PRODUCT = YES;
			};
			name = Release;
		};
		6096F13F1998F979004EB268 /* Debug */ = {
			isa = XCBuildConfiguration;
			baseConfigurationReference = FB1D37B831644F24A2EF89CE /* Pods.xcconfig */;
			buildSettings = {
				ASSETCATALOG_COMPILER_APPICON_NAME = AppIcon;
				ASSETCATALOG_COMPILER_LAUNCHIMAGE_NAME = LaunchImage;
				FRAMEWORK_SEARCH_PATHS = (
					"$(inherited)",
					"$(PROJECT_DIR)",
				);
				GCC_PRECOMPILE_PREFIX_HEADER = YES;
				GCC_PREFIX_HEADER = "Tweet Like/Tweet Like-Prefix.pch";
				INFOPLIST_FILE = "Tweet Like/Tweet Like-Info.plist";
				OTHER_LDFLAGS = (
					"-framework",
					CoreGraphics,
					"-framework",
					MobileCoreServices,
					"-framework",
					Security,
					"-framework",
					SystemConfiguration,
				);
				PRODUCT_NAME = "$(TARGET_NAME)";
				WRAPPER_EXTENSION = app;
			};
			name = Debug;
		};
		6096F1401998F979004EB268 /* Release */ = {
			isa = XCBuildConfiguration;
			baseConfigurationReference = FB1D37B831644F24A2EF89CE /* Pods.xcconfig */;
			buildSettings = {
				ASSETCATALOG_COMPILER_APPICON_NAME = AppIcon;
				ASSETCATALOG_COMPILER_LAUNCHIMAGE_NAME = LaunchImage;
				FRAMEWORK_SEARCH_PATHS = (
					"$(inherited)",
					"$(PROJECT_DIR)",
				);
				GCC_PRECOMPILE_PREFIX_HEADER = YES;
				GCC_PREFIX_HEADER = "Tweet Like/Tweet Like-Prefix.pch";
				INFOPLIST_FILE = "Tweet Like/Tweet Like-Info.plist";
				OTHER_LDFLAGS = (
					"-framework",
					CoreGraphics,
					"-framework",
					MobileCoreServices,
					"-framework",
					Security,
					"-framework",
					SystemConfiguration,
				);
				PRODUCT_NAME = "$(TARGET_NAME)";
				WRAPPER_EXTENSION = app;
			};
			name = Release;
		};
		6096F1421998F979004EB268 /* Debug */ = {
			isa = XCBuildConfiguration;
			buildSettings = {
				BUNDLE_LOADER = "$(BUILT_PRODUCTS_DIR)/Tweet Like.app/Tweet Like";
				FRAMEWORK_SEARCH_PATHS = (
					"$(SDKROOT)/Developer/Library/Frameworks",
					"$(inherited)",
					"$(DEVELOPER_FRAMEWORKS_DIR)",
				);
				GCC_PRECOMPILE_PREFIX_HEADER = YES;
				GCC_PREFIX_HEADER = "Tweet Like/Tweet Like-Prefix.pch";
				GCC_PREPROCESSOR_DEFINITIONS = (
					"DEBUG=1",
					"$(inherited)",
				);
				INFOPLIST_FILE = "Tweet LikeTests/Tweet LikeTests-Info.plist";
				PRODUCT_NAME = "$(TARGET_NAME)";
				TEST_HOST = "$(BUNDLE_LOADER)";
				WRAPPER_EXTENSION = xctest;
			};
			name = Debug;
		};
		6096F1431998F979004EB268 /* Release */ = {
			isa = XCBuildConfiguration;
			buildSettings = {
				BUNDLE_LOADER = "$(BUILT_PRODUCTS_DIR)/Tweet Like.app/Tweet Like";
				FRAMEWORK_SEARCH_PATHS = (
					"$(SDKROOT)/Developer/Library/Frameworks",
					"$(inherited)",
					"$(DEVELOPER_FRAMEWORKS_DIR)",
				);
				GCC_PRECOMPILE_PREFIX_HEADER = YES;
				GCC_PREFIX_HEADER = "Tweet Like/Tweet Like-Prefix.pch";
				INFOPLIST_FILE = "Tweet LikeTests/Tweet LikeTests-Info.plist";
				PRODUCT_NAME = "$(TARGET_NAME)";
				TEST_HOST = "$(BUNDLE_LOADER)";
				WRAPPER_EXTENSION = xctest;
			};
			name = Release;
		};
/* End XCBuildConfiguration section */

/* Begin XCConfigurationList section */
		6096F1071998F979004EB268 /* Build configuration list for PBXProject "Tweet Like" */ = {
			isa = XCConfigurationList;
			buildConfigurations = (
				6096F13C1998F979004EB268 /* Debug */,
				6096F13D1998F979004EB268 /* Release */,
			);
			defaultConfigurationIsVisible = 0;
			defaultConfigurationName = Release;
		};
		6096F13E1998F979004EB268 /* Build configuration list for PBXNativeTarget "Tweet Like" */ = {
			isa = XCConfigurationList;
			buildConfigurations = (
				6096F13F1998F979004EB268 /* Debug */,
				6096F1401998F979004EB268 /* Release */,
			);
			defaultConfigurationIsVisible = 0;
			defaultConfigurationName = Release;
		};
		6096F1411998F979004EB268 /* Build configuration list for PBXNativeTarget "Tweet LikeTests" */ = {
			isa = XCConfigurationList;
			buildConfigurations = (
				6096F1421998F979004EB268 /* Debug */,
				6096F1431998F979004EB268 /* Release */,
			);
			defaultConfigurationIsVisible = 0;
			defaultConfigurationName = Release;
		};
/* End XCConfigurationList section */
	};
	rootObject = 6096F1041998F979004EB268 /* Project object */;
}
