// !$*UTF8*$!
{
	archiveVersion = 1;
	classes = {
	};
	objectVersion = 46;
	objects = {

/* Begin PBXBuildFile section */
		600DF2BA197FFAE200005D9D /* Foundation.framework in Frameworks */ = {isa = PBXBuildFile; fileRef = 600DF2B9197FFAE200005D9D /* Foundation.framework */; };
		600DF2BC197FFAE200005D9D /* CoreGraphics.framework in Frameworks */ = {isa = PBXBuildFile; fileRef = 600DF2BB197FFAE200005D9D /* CoreGraphics.framework */; };
		600DF2BE197FFAE200005D9D /* UIKit.framework in Frameworks */ = {isa = PBXBuildFile; fileRef = 600DF2BD197FFAE200005D9D /* UIKit.framework */; };
		600DF2C4197FFAE200005D9D /* InfoPlist.strings in Resources */ = {isa = PBXBuildFile; fileRef = 600DF2C2197FFAE200005D9D /* InfoPlist.strings */; };
		600DF2C6197FFAE200005D9D /* main.m in Sources */ = {isa = PBXBuildFile; fileRef = 600DF2C5197FFAE200005D9D /* main.m */; };
		600DF2CA197FFAE200005D9D /* MFLAppDelegate.m in Sources */ = {isa = PBXBuildFile; fileRef = 600DF2C9197FFAE200005D9D /* MFLAppDelegate.m */; };
		600DF2CC197FFAE200005D9D /* Images.xcassets in Resources */ = {isa = PBXBuildFile; fileRef = 600DF2CB197FFAE200005D9D /* Images.xcassets */; };
		600DF2D3197FFAE200005D9D /* XCTest.framework in Frameworks */ = {isa = PBXBuildFile; fileRef = 600DF2D2197FFAE200005D9D /* XCTest.framework */; };
		600DF2D4197FFAE200005D9D /* Foundation.framework in Frameworks */ = {isa = PBXBuildFile; fileRef = 600DF2B9197FFAE200005D9D /* Foundation.framework */; };
		600DF2D5197FFAE200005D9D /* UIKit.framework in Frameworks */ = {isa = PBXBuildFile; fileRef = 600DF2BD197FFAE200005D9D /* UIKit.framework */; };
		600DF2DD197FFAE200005D9D /* InfoPlist.strings in Resources */ = {isa = PBXBuildFile; fileRef = 600DF2DB197FFAE200005D9D /* InfoPlist.strings */; };
		600DF2DF197FFAE200005D9D /* List_appTests.m in Sources */ = {isa = PBXBuildFile; fileRef = 600DF2DE197FFAE200005D9D /* List_appTests.m */; };
/* End PBXBuildFile section */

/* Begin PBXContainerItemProxy section */
		600DF2D6197FFAE200005D9D /* PBXContainerItemProxy */ = {
			isa = PBXContainerItemProxy;
			containerPortal = 600DF2AE197FFAE200005D9D /* Project object */;
			proxyType = 1;
			remoteGlobalIDString = 600DF2B5197FFAE200005D9D;
			remoteInfo = "List app";
		};
/* End PBXContainerItemProxy section */

/* Begin PBXFileReference section */
		600DF2B6197FFAE200005D9D /* List app.app */ = {isa = PBXFileReference; explicitFileType = wrapper.application; includeInIndex = 0; path = "List app.app"; sourceTree = BUILT_PRODUCTS_DIR; };
		600DF2B9197FFAE200005D9D /* Foundation.framework */ = {isa = PBXFileReference; lastKnownFileType = wrapper.framework; name = Foundation.framework; path = System/Library/Frameworks/Foundation.framework; sourceTree = SDKROOT; };
		600DF2BB197FFAE200005D9D /* CoreGraphics.framework */ = {isa = PBXFileReference; lastKnownFileType = wrapper.framework; name = CoreGraphics.framework; path = System/Library/Frameworks/CoreGraphics.framework; sourceTree = SDKROOT; };
		600DF2BD197FFAE200005D9D /* UIKit.framework */ = {isa = PBXFileReference; lastKnownFileType = wrapper.framework; name = UIKit.framework; path = System/Library/Frameworks/UIKit.framework; sourceTree = SDKROOT; };
		600DF2C1197FFAE200005D9D /* List app-Info.plist */ = {isa = PBXFileReference; lastKnownFileType = text.plist.xml; path = "List app-Info.plist"; sourceTree = "<group>"; };
		600DF2C3197FFAE200005D9D /* en */ = {isa = PBXFileReference; lastKnownFileType = text.plist.strings; name = en; path = en.lproj/InfoPlist.strings; sourceTree = "<group>"; };
		600DF2C5197FFAE200005D9D /* main.m */ = {isa = PBXFileReference; lastKnownFileType = sourcecode.c.objc; path = main.m; sourceTree = "<group>"; };
		600DF2C7197FFAE200005D9D /* List app-Prefix.pch */ = {isa = PBXFileReference; lastKnownFileType = sourcecode.c.h; path = "List app-Prefix.pch"; sourceTree = "<group>"; };
		600DF2C8197FFAE200005D9D /* MFLAppDelegate.h */ = {isa = PBXFileReference; lastKnownFileType = sourcecode.c.h; path = MFLAppDelegate.h; sourceTree = "<group>"; };
		600DF2C9197FFAE200005D9D /* MFLAppDelegate.m */ = {isa = PBXFileReference; lastKnownFileType = sourcecode.c.objc; path = MFLAppDelegate.m; sourceTree = "<group>"; };
		600DF2CB197FFAE200005D9D /* Images.xcassets */ = {isa = PBXFileReference; lastKnownFileType = folder.assetcatalog; path = Images.xcassets; sourceTree = "<group>"; };
		600DF2D1197FFAE200005D9D /* List appTests.xctest */ = {isa = PBXFileReference; explicitFileType = wrapper.cfbundle; includeInIndex = 0; path = "List appTests.xctest"; sourceTree = BUILT_PRODUCTS_DIR; };
		600DF2D2197FFAE200005D9D /* XCTest.framework */ = {isa = PBXFileReference; lastKnownFileType = wrapper.framework; name = XCTest.framework; path = Library/Frameworks/XCTest.framework; sourceTree = DEVELOPER_DIR; };
		600DF2DA197FFAE200005D9D /* List appTests-Info.plist */ = {isa = PBXFileReference; lastKnownFileType = text.plist.xml; path = "List appTests-Info.plist"; sourceTree = "<group>"; };
		600DF2DC197FFAE200005D9D /* en */ = {isa = PBXFileReference; lastKnownFileType = text.plist.strings; name = en; path = en.lproj/InfoPlist.strings; sourceTree = "<group>"; };
		600DF2DE197FFAE200005D9D /* List_appTests.m */ = {isa = PBXFileReference; lastKnownFileType = sourcecode.c.objc; path = List_appTests.m; sourceTree = "<group>"; };
/* End PBXFileReference section */

/* Begin PBXFrameworksBuildPhase section */
		600DF2B3197FFAE200005D9D /* Frameworks */ = {
			isa = PBXFrameworksBuildPhase;
			buildActionMask = 2147483647;
			files = (
				600DF2BC197FFAE200005D9D /* CoreGraphics.framework in Frameworks */,
				600DF2BE197FFAE200005D9D /* UIKit.framework in Frameworks */,
				600DF2BA197FFAE200005D9D /* Foundation.framework in Frameworks */,
			);
			runOnlyForDeploymentPostprocessing = 0;
		};
		600DF2CE197FFAE200005D9D /* Frameworks */ = {
			isa = PBXFrameworksBuildPhase;
			buildActionMask = 2147483647;
			files = (
				600DF2D3197FFAE200005D9D /* XCTest.framework in Frameworks */,
				600DF2D5197FFAE200005D9D /* UIKit.framework in Frameworks */,
				600DF2D4197FFAE200005D9D /* Foundation.framework in Frameworks */,
			);
			runOnlyForDeploymentPostprocessing = 0;
		};
/* End PBXFrameworksBuildPhase section */

/* Begin PBXGroup section */
		600DF2AD197FFAE200005D9D = {
			isa = PBXGroup;
			children = (
				600DF2BF197FFAE200005D9D /* List app */,
				600DF2D8197FFAE200005D9D /* List appTests */,
				600DF2B8197FFAE200005D9D /* Frameworks */,
				600DF2B7197FFAE200005D9D /* Products */,
			);
			sourceTree = "<group>";
		};
		600DF2B7197FFAE200005D9D /* Products */ = {
			isa = PBXGroup;
			children = (
				600DF2B6197FFAE200005D9D /* List app.app */,
				600DF2D1197FFAE200005D9D /* List appTests.xctest */,
			);
			name = Products;
			sourceTree = "<group>";
		};
		600DF2B8197FFAE200005D9D /* Frameworks */ = {
			isa = PBXGroup;
			children = (
				600DF2B9197FFAE200005D9D /* Foundation.framework */,
				600DF2BB197FFAE200005D9D /* CoreGraphics.framework */,
				600DF2BD197FFAE200005D9D /* UIKit.framework */,
				600DF2D2197FFAE200005D9D /* XCTest.framework */,
			);
			name = Frameworks;
			sourceTree = "<group>";
		};
		600DF2BF197FFAE200005D9D /* List app */ = {
			isa = PBXGroup;
			children = (
				600DF2C8197FFAE200005D9D /* MFLAppDelegate.h */,
				600DF2C9197FFAE200005D9D /* MFLAppDelegate.m */,
				600DF2CB197FFAE200005D9D /* Images.xcassets */,
				600DF2C0197FFAE200005D9D /* Supporting Files */,
			);
			path = "List app";
			sourceTree = "<group>";
		};
		600DF2C0197FFAE200005D9D /* Supporting Files */ = {
			isa = PBXGroup;
			children = (
				600DF2C1197FFAE200005D9D /* List app-Info.plist */,
				600DF2C2197FFAE200005D9D /* InfoPlist.strings */,
				600DF2C5197FFAE200005D9D /* main.m */,
				600DF2C7197FFAE200005D9D /* List app-Prefix.pch */,
			);
			name = "Supporting Files";
			sourceTree = "<group>";
		};
		600DF2D8197FFAE200005D9D /* List appTests */ = {
			isa = PBXGroup;
			children = (
				600DF2DE197FFAE200005D9D /* List_appTests.m */,
				600DF2D9197FFAE200005D9D /* Supporting Files */,
			);
			path = "List appTests";
			sourceTree = "<group>";
		};
		600DF2D9197FFAE200005D9D /* Supporting Files */ = {
			isa = PBXGroup;
			children = (
				600DF2DA197FFAE200005D9D /* List appTests-Info.plist */,
				600DF2DB197FFAE200005D9D /* InfoPlist.strings */,
			);
			name = "Supporting Files";
			sourceTree = "<group>";
		};
/* End PBXGroup section */

/* Begin PBXNativeTarget section */
		600DF2B5197FFAE200005D9D /* List app */ = {
			isa = PBXNativeTarget;
			buildConfigurationList = 600DF2E2197FFAE200005D9D /* Build configuration list for PBXNativeTarget "List app" */;
			buildPhases = (
				600DF2B2197FFAE200005D9D /* Sources */,
				600DF2B3197FFAE200005D9D /* Frameworks */,
				600DF2B4197FFAE200005D9D /* Resources */,
			);
			buildRules = (
			);
			dependencies = (
			);
			name = "List app";
			productName = "List app";
			productReference = 600DF2B6197FFAE200005D9D /* List app.app */;
			productType = "com.apple.product-type.application";
		};
		600DF2D0197FFAE200005D9D /* List appTests */ = {
			isa = PBXNativeTarget;
			buildConfigurationList = 600DF2E5197FFAE200005D9D /* Build configuration list for PBXNativeTarget "List appTests" */;
			buildPhases = (
				600DF2CD197FFAE200005D9D /* Sources */,
				600DF2CE197FFAE200005D9D /* Frameworks */,
				600DF2CF197FFAE200005D9D /* Resources */,
			);
			buildRules = (
			);
			dependencies = (
				600DF2D7197FFAE200005D9D /* PBXTargetDependency */,
			);
			name = "List appTests";
			productName = "List appTests";
			productReference = 600DF2D1197FFAE200005D9D /* List appTests.xctest */;
			productType = "com.apple.product-type.bundle.unit-test";
		};
/* End PBXNativeTarget section */

/* Begin PBXProject section */
		600DF2AE197FFAE200005D9D /* Project object */ = {
			isa = PBXProject;
			attributes = {
				CLASSPREFIX = MFL;
				LastUpgradeCheck = 0510;
				ORGANIZATIONNAME = "Daniel Merrill";
				TargetAttributes = {
					600DF2D0197FFAE200005D9D = {
						TestTargetID = 600DF2B5197FFAE200005D9D;
					};
				};
			};
			buildConfigurationList = 600DF2B1197FFAE200005D9D /* Build configuration list for PBXProject "List app" */;
			compatibilityVersion = "Xcode 3.2";
			developmentRegion = English;
			hasScannedForEncodings = 0;
			knownRegions = (
				en,
			);
			mainGroup = 600DF2AD197FFAE200005D9D;
			productRefGroup = 600DF2B7197FFAE200005D9D /* Products */;
			projectDirPath = "";
			projectRoot = "";
			targets = (
				600DF2B5197FFAE200005D9D /* List app */,
				600DF2D0197FFAE200005D9D /* List appTests */,
			);
		};
/* End PBXProject section */

/* Begin PBXResourcesBuildPhase section */
		600DF2B4197FFAE200005D9D /* Resources */ = {
			isa = PBXResourcesBuildPhase;
			buildActionMask = 2147483647;
			files = (
				600DF2C4197FFAE200005D9D /* InfoPlist.strings in Resources */,
				600DF2CC197FFAE200005D9D /* Images.xcassets in Resources */,
			);
			runOnlyForDeploymentPostprocessing = 0;
		};
		600DF2CF197FFAE200005D9D /* Resources */ = {
			isa = PBXResourcesBuildPhase;
			buildActionMask = 2147483647;
			files = (
				600DF2DD197FFAE200005D9D /* InfoPlist.strings in Resources */,
			);
			runOnlyForDeploymentPostprocessing = 0;
		};
/* End PBXResourcesBuildPhase section */

/* Begin PBXSourcesBuildPhase section */
		600DF2B2197FFAE200005D9D /* Sources */ = {
			isa = PBXSourcesBuildPhase;
			buildActionMask = 2147483647;
			files = (
				600DF2CA197FFAE200005D9D /* MFLAppDelegate.m in Sources */,
				600DF2C6197FFAE200005D9D /* main.m in Sources */,
			);
			runOnlyForDeploymentPostprocessing = 0;
		};
		600DF2CD197FFAE200005D9D /* Sources */ = {
			isa = PBXSourcesBuildPhase;
			buildActionMask = 2147483647;
			files = (
				600DF2DF197FFAE200005D9D /* List_appTests.m in Sources */,
			);
			runOnlyForDeploymentPostprocessing = 0;
		};
/* End PBXSourcesBuildPhase section */

/* Begin PBXTargetDependency section */
		600DF2D7197FFAE200005D9D /* PBXTargetDependency */ = {
			isa = PBXTargetDependency;
			target = 600DF2B5197FFAE200005D9D /* List app */;
			targetProxy = 600DF2D6197FFAE200005D9D /* PBXContainerItemProxy */;
		};
/* End PBXTargetDependency section */

/* Begin PBXVariantGroup section */
		600DF2C2197FFAE200005D9D /* InfoPlist.strings */ = {
			isa = PBXVariantGroup;
			children = (
				600DF2C3197FFAE200005D9D /* en */,
			);
			name = InfoPlist.strings;
			sourceTree = "<group>";
		};
		600DF2DB197FFAE200005D9D /* InfoPlist.strings */ = {
			isa = PBXVariantGroup;
			children = (
				600DF2DC197FFAE200005D9D /* en */,
			);
			name = InfoPlist.strings;
			sourceTree = "<group>";
		};
/* End PBXVariantGroup section */

/* Begin XCBuildConfiguration section */
		600DF2E0197FFAE200005D9D /* Debug */ = {
			isa = XCBuildConfiguration;
			buildSettings = {
				ALWAYS_SEARCH_USER_PATHS = NO;
				CLANG_CXX_LANGUAGE_STANDARD = "gnu++0x";
				CLANG_CXX_LIBRARY = "libc++";
				CLANG_ENABLE_MODULES = YES;
				CLANG_ENABLE_OBJC_ARC = YES;
				CLANG_WARN_BOOL_CONVERSION = YES;
				CLANG_WARN_CONSTANT_CONVERSION = YES;
				CLANG_WARN_DIRECT_OBJC_ISA_USAGE = YES_ERROR;
				CLANG_WARN_EMPTY_BODY = YES;
				CLANG_WARN_ENUM_CONVERSION = YES;
				CLANG_WARN_INT_CONVERSION = YES;
				CLANG_WARN_OBJC_ROOT_CLASS = YES_ERROR;
				CLANG_WARN__DUPLICATE_METHOD_MATCH = YES;
				"CODE_SIGN_IDENTITY[sdk=iphoneos*]" = "iPhone Developer";
				COPY_PHASE_STRIP = NO;
				GCC_C_LANGUAGE_STANDARD = gnu99;
				GCC_DYNAMIC_NO_PIC = NO;
				GCC_OPTIMIZATION_LEVEL = 0;
				GCC_PREPROCESSOR_DEFINITIONS = (
					"DEBUG=1",
					"$(inherited)",
				);
				GCC_SYMBOLS_PRIVATE_EXTERN = NO;
				GCC_WARN_64_TO_32_BIT_CONVERSION = YES;
				GCC_WARN_ABOUT_RETURN_TYPE = YES_ERROR;
				GCC_WARN_UNDECLARED_SELECTOR = YES;
				GCC_WARN_UNINITIALIZED_AUTOS = YES_AGGRESSIVE;
				GCC_WARN_UNUSED_FUNCTION = YES;
				GCC_WARN_UNUSED_VARIABLE = YES;
				IPHONEOS_DEPLOYMENT_TARGET = 7.1;
				ONLY_ACTIVE_ARCH = YES;
				SDKROOT = iphoneos;
			};
			name = Debug;
		};
		600DF2E1197FFAE200005D9D /* Release */ = {
			isa = XCBuildConfiguration;
			buildSettings = {
				ALWAYS_SEARCH_USER_PATHS = NO;
				CLANG_CXX_LANGUAGE_STANDARD = "gnu++0x";
				CLANG_CXX_LIBRARY = "libc++";
				CLANG_ENABLE_MODULES = YES;
				CLANG_ENABLE_OBJC_ARC = YES;
				CLANG_WARN_BOOL_CONVERSION = YES;
				CLANG_WARN_CONSTANT_CONVERSION = YES;
				CLANG_WARN_DIRECT_OBJC_ISA_USAGE = YES_ERROR;
				CLANG_WARN_EMPTY_BODY = YES;
				CLANG_WARN_ENUM_CONVERSION = YES;
				CLANG_WARN_INT_CONVERSION = YES;
				CLANG_WARN_OBJC_ROOT_CLASS = YES_ERROR;
				CLANG_WARN__DUPLICATE_METHOD_MATCH = YES;
				"CODE_SIGN_IDENTITY[sdk=iphoneos*]" = "iPhone Developer";
				COPY_PHASE_STRIP = YES;
				ENABLE_NS_ASSERTIONS = NO;
				GCC_C_LANGUAGE_STANDARD = gnu99;
				GCC_WARN_64_TO_32_BIT_CONVERSION = YES;
				GCC_WARN_ABOUT_RETURN_TYPE = YES_ERROR;
				GCC_WARN_UNDECLARED_SELECTOR = YES;
				GCC_WARN_UNINITIALIZED_AUTOS = YES_AGGRESSIVE;
				GCC_WARN_UNUSED_FUNCTION = YES;
				GCC_WARN_UNUSED_VARIABLE = YES;
				IPHONEOS_DEPLOYMENT_TARGET = 7.1;
				SDKROOT = iphoneos;
				VALIDATE_PRODUCT = YES;
			};
			name = Release;
		};
		600DF2E3197FFAE200005D9D /* Debug */ = {
			isa = XCBuildConfiguration;
			buildSettings = {
				ASSETCATALOG_COMPILER_APPICON_NAME = AppIcon;
				ASSETCATALOG_COMPILER_LAUNCHIMAGE_NAME = LaunchImage;
				GCC_PRECOMPILE_PREFIX_HEADER = YES;
				GCC_PREFIX_HEADER = "List app/List app-Prefix.pch";
				INFOPLIST_FILE = "List app/List app-Info.plist";
				PRODUCT_NAME = "$(TARGET_NAME)";
				WRAPPER_EXTENSION = app;
			};
			name = Debug;
		};
		600DF2E4197FFAE200005D9D /* Release */ = {
			isa = XCBuildConfiguration;
			buildSettings = {
				ASSETCATALOG_COMPILER_APPICON_NAME = AppIcon;
				ASSETCATALOG_COMPILER_LAUNCHIMAGE_NAME = LaunchImage;
				GCC_PRECOMPILE_PREFIX_HEADER = YES;
				GCC_PREFIX_HEADER = "List app/List app-Prefix.pch";
				INFOPLIST_FILE = "List app/List app-Info.plist";
				PRODUCT_NAME = "$(TARGET_NAME)";
				WRAPPER_EXTENSION = app;
			};
			name = Release;
		};
		600DF2E6197FFAE200005D9D /* Debug */ = {
			isa = XCBuildConfiguration;
			buildSettings = {
				BUNDLE_LOADER = "$(BUILT_PRODUCTS_DIR)/List app.app/List app";
				FRAMEWORK_SEARCH_PATHS = (
					"$(SDKROOT)/Developer/Library/Frameworks",
					"$(inherited)",
					"$(DEVELOPER_FRAMEWORKS_DIR)",
				);
				GCC_PRECOMPILE_PREFIX_HEADER = YES;
				GCC_PREFIX_HEADER = "List app/List app-Prefix.pch";
				GCC_PREPROCESSOR_DEFINITIONS = (
					"DEBUG=1",
					"$(inherited)",
				);
				INFOPLIST_FILE = "List appTests/List appTests-Info.plist";
				PRODUCT_NAME = "$(TARGET_NAME)";
				TEST_HOST = "$(BUNDLE_LOADER)";
				WRAPPER_EXTENSION = xctest;
			};
			name = Debug;
		};
		600DF2E7197FFAE200005D9D /* Release */ = {
			isa = XCBuildConfiguration;
			buildSettings = {
				BUNDLE_LOADER = "$(BUILT_PRODUCTS_DIR)/List app.app/List app";
				FRAMEWORK_SEARCH_PATHS = (
					"$(SDKROOT)/Developer/Library/Frameworks",
					"$(inherited)",
					"$(DEVELOPER_FRAMEWORKS_DIR)",
				);
				GCC_PRECOMPILE_PREFIX_HEADER = YES;
				GCC_PREFIX_HEADER = "List app/List app-Prefix.pch";
				INFOPLIST_FILE = "List appTests/List appTests-Info.plist";
				PRODUCT_NAME = "$(TARGET_NAME)";
				TEST_HOST = "$(BUNDLE_LOADER)";
				WRAPPER_EXTENSION = xctest;
			};
			name = Release;
		};
/* End XCBuildConfiguration section */

/* Begin XCConfigurationList section */
		600DF2B1197FFAE200005D9D /* Build configuration list for PBXProject "List app" */ = {
			isa = XCConfigurationList;
			buildConfigurations = (
				600DF2E0197FFAE200005D9D /* Debug */,
				600DF2E1197FFAE200005D9D /* Release */,
			);
			defaultConfigurationIsVisible = 0;
			defaultConfigurationName = Release;
		};
		600DF2E2197FFAE200005D9D /* Build configuration list for PBXNativeTarget "List app" */ = {
			isa = XCConfigurationList;
			buildConfigurations = (
				600DF2E3197FFAE200005D9D /* Debug */,
				600DF2E4197FFAE200005D9D /* Release */,
			);
			defaultConfigurationIsVisible = 0;
		};
		600DF2E5197FFAE200005D9D /* Build configuration list for PBXNativeTarget "List appTests" */ = {
			isa = XCConfigurationList;
			buildConfigurations = (
				600DF2E6197FFAE200005D9D /* Debug */,
				600DF2E7197FFAE200005D9D /* Release */,
			);
			defaultConfigurationIsVisible = 0;
		};
/* End XCConfigurationList section */
	};
	rootObject = 600DF2AE197FFAE200005D9D /* Project object */;
}
