// !$*UTF8*$!
{
	archiveVersion = 1;
	classes = {
	};
	objectVersion = 46;
	objects = {

/* Begin PBXBuildFile section */
		6028AEB0199CEE67006CDAE1 /* Foundation.framework in Frameworks */ = {isa = PBXBuildFile; fileRef = 6028AEAF199CEE67006CDAE1 /* Foundation.framework */; };
		6028AEB2199CEE67006CDAE1 /* CoreGraphics.framework in Frameworks */ = {isa = PBXBuildFile; fileRef = 6028AEB1199CEE67006CDAE1 /* CoreGraphics.framework */; };
		6028AEB4199CEE67006CDAE1 /* UIKit.framework in Frameworks */ = {isa = PBXBuildFile; fileRef = 6028AEB3199CEE67006CDAE1 /* UIKit.framework */; };
		6028AEBA199CEE67006CDAE1 /* InfoPlist.strings in Resources */ = {isa = PBXBuildFile; fileRef = 6028AEB8199CEE67006CDAE1 /* InfoPlist.strings */; };
		6028AEBC199CEE67006CDAE1 /* main.m in Sources */ = {isa = PBXBuildFile; fileRef = 6028AEBB199CEE67006CDAE1 /* main.m */; };
		6028AEC0199CEE67006CDAE1 /* SIGAppDelegate.m in Sources */ = {isa = PBXBuildFile; fileRef = 6028AEBF199CEE67006CDAE1 /* SIGAppDelegate.m */; };
		6028AEC2199CEE67006CDAE1 /* Images.xcassets in Resources */ = {isa = PBXBuildFile; fileRef = 6028AEC1199CEE67006CDAE1 /* Images.xcassets */; };
		6028AEC9199CEE67006CDAE1 /* XCTest.framework in Frameworks */ = {isa = PBXBuildFile; fileRef = 6028AEC8199CEE67006CDAE1 /* XCTest.framework */; };
		6028AECA199CEE67006CDAE1 /* Foundation.framework in Frameworks */ = {isa = PBXBuildFile; fileRef = 6028AEAF199CEE67006CDAE1 /* Foundation.framework */; };
		6028AECB199CEE67006CDAE1 /* UIKit.framework in Frameworks */ = {isa = PBXBuildFile; fileRef = 6028AEB3199CEE67006CDAE1 /* UIKit.framework */; };
		6028AED3199CEE67006CDAE1 /* InfoPlist.strings in Resources */ = {isa = PBXBuildFile; fileRef = 6028AED1199CEE67006CDAE1 /* InfoPlist.strings */; };
		6028AED5199CEE67006CDAE1 /* signatures2Tests.m in Sources */ = {isa = PBXBuildFile; fileRef = 6028AED4199CEE67006CDAE1 /* signatures2Tests.m */; };
		6028AEE1199CF03A006CDAE1 /* SIGListTableViewController.m in Sources */ = {isa = PBXBuildFile; fileRef = 6028AEE0199CF03A006CDAE1 /* SIGListTableViewController.m */; };
		6028AEE4199CF09F006CDAE1 /* SIGRootViewController.m in Sources */ = {isa = PBXBuildFile; fileRef = 6028AEE3199CF09F006CDAE1 /* SIGRootViewController.m */; };
		6028AEE7199CF0E2006CDAE1 /* SIGListTableViewCell.m in Sources */ = {isa = PBXBuildFile; fileRef = 6028AEE6199CF0E2006CDAE1 /* SIGListTableViewCell.m */; };
		6028AEEA199CF11E006CDAE1 /* SIGDrawViewController.m in Sources */ = {isa = PBXBuildFile; fileRef = 6028AEE9199CF11E006CDAE1 /* SIGDrawViewController.m */; };
		6028AEEF199CF55A006CDAE1 /* SIGDrawView.m in Sources */ = {isa = PBXBuildFile; fileRef = 6028AEEE199CF55A006CDAE1 /* SIGDrawView.m */; };
/* End PBXBuildFile section */

/* Begin PBXContainerItemProxy section */
		6028AECC199CEE67006CDAE1 /* PBXContainerItemProxy */ = {
			isa = PBXContainerItemProxy;
			containerPortal = 6028AEA4199CEE67006CDAE1 /* Project object */;
			proxyType = 1;
			remoteGlobalIDString = 6028AEAB199CEE67006CDAE1;
			remoteInfo = signatures2;
		};
/* End PBXContainerItemProxy section */

/* Begin PBXFileReference section */
		6028AEAC199CEE67006CDAE1 /* signatures2.app */ = {isa = PBXFileReference; explicitFileType = wrapper.application; includeInIndex = 0; path = signatures2.app; sourceTree = BUILT_PRODUCTS_DIR; };
		6028AEAF199CEE67006CDAE1 /* Foundation.framework */ = {isa = PBXFileReference; lastKnownFileType = wrapper.framework; name = Foundation.framework; path = System/Library/Frameworks/Foundation.framework; sourceTree = SDKROOT; };
		6028AEB1199CEE67006CDAE1 /* CoreGraphics.framework */ = {isa = PBXFileReference; lastKnownFileType = wrapper.framework; name = CoreGraphics.framework; path = System/Library/Frameworks/CoreGraphics.framework; sourceTree = SDKROOT; };
		6028AEB3199CEE67006CDAE1 /* UIKit.framework */ = {isa = PBXFileReference; lastKnownFileType = wrapper.framework; name = UIKit.framework; path = System/Library/Frameworks/UIKit.framework; sourceTree = SDKROOT; };
		6028AEB7199CEE67006CDAE1 /* signatures2-Info.plist */ = {isa = PBXFileReference; lastKnownFileType = text.plist.xml; path = "signatures2-Info.plist"; sourceTree = "<group>"; };
		6028AEB9199CEE67006CDAE1 /* en */ = {isa = PBXFileReference; lastKnownFileType = text.plist.strings; name = en; path = en.lproj/InfoPlist.strings; sourceTree = "<group>"; };
		6028AEBB199CEE67006CDAE1 /* main.m */ = {isa = PBXFileReference; lastKnownFileType = sourcecode.c.objc; path = main.m; sourceTree = "<group>"; };
		6028AEBD199CEE67006CDAE1 /* signatures2-Prefix.pch */ = {isa = PBXFileReference; lastKnownFileType = sourcecode.c.h; path = "signatures2-Prefix.pch"; sourceTree = "<group>"; };
		6028AEBE199CEE67006CDAE1 /* SIGAppDelegate.h */ = {isa = PBXFileReference; lastKnownFileType = sourcecode.c.h; path = SIGAppDelegate.h; sourceTree = "<group>"; };
		6028AEBF199CEE67006CDAE1 /* SIGAppDelegate.m */ = {isa = PBXFileReference; lastKnownFileType = sourcecode.c.objc; path = SIGAppDelegate.m; sourceTree = "<group>"; };
		6028AEC1199CEE67006CDAE1 /* Images.xcassets */ = {isa = PBXFileReference; lastKnownFileType = folder.assetcatalog; path = Images.xcassets; sourceTree = "<group>"; };
		6028AEC7199CEE67006CDAE1 /* signatures2Tests.xctest */ = {isa = PBXFileReference; explicitFileType = wrapper.cfbundle; includeInIndex = 0; path = signatures2Tests.xctest; sourceTree = BUILT_PRODUCTS_DIR; };
		6028AEC8199CEE67006CDAE1 /* XCTest.framework */ = {isa = PBXFileReference; lastKnownFileType = wrapper.framework; name = XCTest.framework; path = Library/Frameworks/XCTest.framework; sourceTree = DEVELOPER_DIR; };
		6028AED0199CEE67006CDAE1 /* signatures2Tests-Info.plist */ = {isa = PBXFileReference; lastKnownFileType = text.plist.xml; path = "signatures2Tests-Info.plist"; sourceTree = "<group>"; };
		6028AED2199CEE67006CDAE1 /* en */ = {isa = PBXFileReference; lastKnownFileType = text.plist.strings; name = en; path = en.lproj/InfoPlist.strings; sourceTree = "<group>"; };
		6028AED4199CEE67006CDAE1 /* signatures2Tests.m */ = {isa = PBXFileReference; lastKnownFileType = sourcecode.c.objc; path = signatures2Tests.m; sourceTree = "<group>"; };
		6028AEDF199CF03A006CDAE1 /* SIGListTableViewController.h */ = {isa = PBXFileReference; fileEncoding = 4; lastKnownFileType = sourcecode.c.h; path = SIGListTableViewController.h; sourceTree = "<group>"; };
		6028AEE0199CF03A006CDAE1 /* SIGListTableViewController.m */ = {isa = PBXFileReference; fileEncoding = 4; lastKnownFileType = sourcecode.c.objc; path = SIGListTableViewController.m; sourceTree = "<group>"; };
		6028AEE2199CF09F006CDAE1 /* SIGRootViewController.h */ = {isa = PBXFileReference; fileEncoding = 4; lastKnownFileType = sourcecode.c.h; path = SIGRootViewController.h; sourceTree = "<group>"; };
		6028AEE3199CF09F006CDAE1 /* SIGRootViewController.m */ = {isa = PBXFileReference; fileEncoding = 4; lastKnownFileType = sourcecode.c.objc; path = SIGRootViewController.m; sourceTree = "<group>"; };
		6028AEE5199CF0E2006CDAE1 /* SIGListTableViewCell.h */ = {isa = PBXFileReference; fileEncoding = 4; lastKnownFileType = sourcecode.c.h; path = SIGListTableViewCell.h; sourceTree = "<group>"; };
		6028AEE6199CF0E2006CDAE1 /* SIGListTableViewCell.m */ = {isa = PBXFileReference; fileEncoding = 4; lastKnownFileType = sourcecode.c.objc; path = SIGListTableViewCell.m; sourceTree = "<group>"; };
		6028AEE8199CF11E006CDAE1 /* SIGDrawViewController.h */ = {isa = PBXFileReference; fileEncoding = 4; lastKnownFileType = sourcecode.c.h; path = SIGDrawViewController.h; sourceTree = "<group>"; };
		6028AEE9199CF11E006CDAE1 /* SIGDrawViewController.m */ = {isa = PBXFileReference; fileEncoding = 4; lastKnownFileType = sourcecode.c.objc; path = SIGDrawViewController.m; sourceTree = "<group>"; };
		6028AEED199CF55A006CDAE1 /* SIGDrawView.h */ = {isa = PBXFileReference; fileEncoding = 4; lastKnownFileType = sourcecode.c.h; path = SIGDrawView.h; sourceTree = "<group>"; };
		6028AEEE199CF55A006CDAE1 /* SIGDrawView.m */ = {isa = PBXFileReference; fileEncoding = 4; lastKnownFileType = sourcecode.c.objc; path = SIGDrawView.m; sourceTree = "<group>"; };
/* End PBXFileReference section */

/* Begin PBXFrameworksBuildPhase section */
		6028AEA9199CEE67006CDAE1 /* Frameworks */ = {
			isa = PBXFrameworksBuildPhase;
			buildActionMask = 2147483647;
			files = (
				6028AEB2199CEE67006CDAE1 /* CoreGraphics.framework in Frameworks */,
				6028AEB4199CEE67006CDAE1 /* UIKit.framework in Frameworks */,
				6028AEB0199CEE67006CDAE1 /* Foundation.framework in Frameworks */,
			);
			runOnlyForDeploymentPostprocessing = 0;
		};
		6028AEC4199CEE67006CDAE1 /* Frameworks */ = {
			isa = PBXFrameworksBuildPhase;
			buildActionMask = 2147483647;
			files = (
				6028AEC9199CEE67006CDAE1 /* XCTest.framework in Frameworks */,
				6028AECB199CEE67006CDAE1 /* UIKit.framework in Frameworks */,
				6028AECA199CEE67006CDAE1 /* Foundation.framework in Frameworks */,
			);
			runOnlyForDeploymentPostprocessing = 0;
		};
/* End PBXFrameworksBuildPhase section */

/* Begin PBXGroup section */
		6028AEA3199CEE67006CDAE1 = {
			isa = PBXGroup;
			children = (
				6028AEDE199CEFFF006CDAE1 /* controllers */,
				6028AEB5199CEE67006CDAE1 /* signatures2 */,
				6028AECE199CEE67006CDAE1 /* signatures2Tests */,
				6028AEAE199CEE67006CDAE1 /* Frameworks */,
				6028AEAD199CEE67006CDAE1 /* Products */,
			);
			sourceTree = "<group>";
		};
		6028AEAD199CEE67006CDAE1 /* Products */ = {
			isa = PBXGroup;
			children = (
				6028AEAC199CEE67006CDAE1 /* signatures2.app */,
				6028AEC7199CEE67006CDAE1 /* signatures2Tests.xctest */,
			);
			name = Products;
			sourceTree = "<group>";
		};
		6028AEAE199CEE67006CDAE1 /* Frameworks */ = {
			isa = PBXGroup;
			children = (
				6028AEAF199CEE67006CDAE1 /* Foundation.framework */,
				6028AEB1199CEE67006CDAE1 /* CoreGraphics.framework */,
				6028AEB3199CEE67006CDAE1 /* UIKit.framework */,
				6028AEC8199CEE67006CDAE1 /* XCTest.framework */,
			);
			name = Frameworks;
			sourceTree = "<group>";
		};
		6028AEB5199CEE67006CDAE1 /* signatures2 */ = {
			isa = PBXGroup;
			children = (
				6028AEBE199CEE67006CDAE1 /* SIGAppDelegate.h */,
				6028AEBF199CEE67006CDAE1 /* SIGAppDelegate.m */,
				6028AEC1199CEE67006CDAE1 /* Images.xcassets */,
				6028AEB6199CEE67006CDAE1 /* Supporting Files */,
			);
			path = signatures2;
			sourceTree = "<group>";
		};
		6028AEB6199CEE67006CDAE1 /* Supporting Files */ = {
			isa = PBXGroup;
			children = (
				6028AEB7199CEE67006CDAE1 /* signatures2-Info.plist */,
				6028AEB8199CEE67006CDAE1 /* InfoPlist.strings */,
				6028AEBB199CEE67006CDAE1 /* main.m */,
				6028AEBD199CEE67006CDAE1 /* signatures2-Prefix.pch */,
			);
			name = "Supporting Files";
			sourceTree = "<group>";
		};
		6028AECE199CEE67006CDAE1 /* signatures2Tests */ = {
			isa = PBXGroup;
			children = (
				6028AED4199CEE67006CDAE1 /* signatures2Tests.m */,
				6028AECF199CEE67006CDAE1 /* Supporting Files */,
			);
			path = signatures2Tests;
			sourceTree = "<group>";
		};
		6028AECF199CEE67006CDAE1 /* Supporting Files */ = {
			isa = PBXGroup;
			children = (
				6028AED0199CEE67006CDAE1 /* signatures2Tests-Info.plist */,
				6028AED1199CEE67006CDAE1 /* InfoPlist.strings */,
			);
			name = "Supporting Files";
			sourceTree = "<group>";
		};
		6028AEDE199CEFFF006CDAE1 /* controllers */ = {
			isa = PBXGroup;
			children = (
				6028AEE2199CF09F006CDAE1 /* SIGRootViewController.h */,
				6028AEE3199CF09F006CDAE1 /* SIGRootViewController.m */,
				6028AEDF199CF03A006CDAE1 /* SIGListTableViewController.h */,
				6028AEE0199CF03A006CDAE1 /* SIGListTableViewController.m */,
				6028AEE8199CF11E006CDAE1 /* SIGDrawViewController.h */,
				6028AEE9199CF11E006CDAE1 /* SIGDrawViewController.m */,
				6028AEEB199CF124006CDAE1 /* List TVC */,
			);
			name = controllers;
			sourceTree = "<group>";
		};
		6028AEEB199CF124006CDAE1 /* List TVC */ = {
			isa = PBXGroup;
			children = (
				6028AEE5199CF0E2006CDAE1 /* SIGListTableViewCell.h */,
				6028AEE6199CF0E2006CDAE1 /* SIGListTableViewCell.m */,
				6028AEEC199CF170006CDAE1 /* DrawVC */,
			);
			name = "List TVC";
			sourceTree = "<group>";
		};
		6028AEEC199CF170006CDAE1 /* DrawVC */ = {
			isa = PBXGroup;
			children = (
				6028AEED199CF55A006CDAE1 /* SIGDrawView.h */,
				6028AEEE199CF55A006CDAE1 /* SIGDrawView.m */,
			);
			name = DrawVC;
			sourceTree = "<group>";
		};
/* End PBXGroup section */

/* Begin PBXNativeTarget section */
		6028AEAB199CEE67006CDAE1 /* signatures2 */ = {
			isa = PBXNativeTarget;
			buildConfigurationList = 6028AED8199CEE67006CDAE1 /* Build configuration list for PBXNativeTarget "signatures2" */;
			buildPhases = (
				6028AEA8199CEE67006CDAE1 /* Sources */,
				6028AEA9199CEE67006CDAE1 /* Frameworks */,
				6028AEAA199CEE67006CDAE1 /* Resources */,
			);
			buildRules = (
			);
			dependencies = (
			);
			name = signatures2;
			productName = signatures2;
			productReference = 6028AEAC199CEE67006CDAE1 /* signatures2.app */;
			productType = "com.apple.product-type.application";
		};
		6028AEC6199CEE67006CDAE1 /* signatures2Tests */ = {
			isa = PBXNativeTarget;
			buildConfigurationList = 6028AEDB199CEE67006CDAE1 /* Build configuration list for PBXNativeTarget "signatures2Tests" */;
			buildPhases = (
				6028AEC3199CEE67006CDAE1 /* Sources */,
				6028AEC4199CEE67006CDAE1 /* Frameworks */,
				6028AEC5199CEE67006CDAE1 /* Resources */,
			);
			buildRules = (
			);
			dependencies = (
				6028AECD199CEE67006CDAE1 /* PBXTargetDependency */,
			);
			name = signatures2Tests;
			productName = signatures2Tests;
			productReference = 6028AEC7199CEE67006CDAE1 /* signatures2Tests.xctest */;
			productType = "com.apple.product-type.bundle.unit-test";
		};
/* End PBXNativeTarget section */

/* Begin PBXProject section */
		6028AEA4199CEE67006CDAE1 /* Project object */ = {
			isa = PBXProject;
			attributes = {
				CLASSPREFIX = SIG;
				LastUpgradeCheck = 0510;
				ORGANIZATIONNAME = "Daniel Merrill";
				TargetAttributes = {
					6028AEC6199CEE67006CDAE1 = {
						TestTargetID = 6028AEAB199CEE67006CDAE1;
					};
				};
			};
			buildConfigurationList = 6028AEA7199CEE67006CDAE1 /* Build configuration list for PBXProject "signatures2" */;
			compatibilityVersion = "Xcode 3.2";
			developmentRegion = English;
			hasScannedForEncodings = 0;
			knownRegions = (
				en,
			);
			mainGroup = 6028AEA3199CEE67006CDAE1;
			productRefGroup = 6028AEAD199CEE67006CDAE1 /* Products */;
			projectDirPath = "";
			projectRoot = "";
			targets = (
				6028AEAB199CEE67006CDAE1 /* signatures2 */,
				6028AEC6199CEE67006CDAE1 /* signatures2Tests */,
			);
		};
/* End PBXProject section */

/* Begin PBXResourcesBuildPhase section */
		6028AEAA199CEE67006CDAE1 /* Resources */ = {
			isa = PBXResourcesBuildPhase;
			buildActionMask = 2147483647;
			files = (
				6028AEBA199CEE67006CDAE1 /* InfoPlist.strings in Resources */,
				6028AEC2199CEE67006CDAE1 /* Images.xcassets in Resources */,
			);
			runOnlyForDeploymentPostprocessing = 0;
		};
		6028AEC5199CEE67006CDAE1 /* Resources */ = {
			isa = PBXResourcesBuildPhase;
			buildActionMask = 2147483647;
			files = (
				6028AED3199CEE67006CDAE1 /* InfoPlist.strings in Resources */,
			);
			runOnlyForDeploymentPostprocessing = 0;
		};
/* End PBXResourcesBuildPhase section */

/* Begin PBXSourcesBuildPhase section */
		6028AEA8199CEE67006CDAE1 /* Sources */ = {
			isa = PBXSourcesBuildPhase;
			buildActionMask = 2147483647;
			files = (
				6028AEE4199CF09F006CDAE1 /* SIGRootViewController.m in Sources */,
				6028AEE7199CF0E2006CDAE1 /* SIGListTableViewCell.m in Sources */,
				6028AEE1199CF03A006CDAE1 /* SIGListTableViewController.m in Sources */,
				6028AEC0199CEE67006CDAE1 /* SIGAppDelegate.m in Sources */,
				6028AEEA199CF11E006CDAE1 /* SIGDrawViewController.m in Sources */,
				6028AEEF199CF55A006CDAE1 /* SIGDrawView.m in Sources */,
				6028AEBC199CEE67006CDAE1 /* main.m in Sources */,
			);
			runOnlyForDeploymentPostprocessing = 0;
		};
		6028AEC3199CEE67006CDAE1 /* Sources */ = {
			isa = PBXSourcesBuildPhase;
			buildActionMask = 2147483647;
			files = (
				6028AED5199CEE67006CDAE1 /* signatures2Tests.m in Sources */,
			);
			runOnlyForDeploymentPostprocessing = 0;
		};
/* End PBXSourcesBuildPhase section */

/* Begin PBXTargetDependency section */
		6028AECD199CEE67006CDAE1 /* PBXTargetDependency */ = {
			isa = PBXTargetDependency;
			target = 6028AEAB199CEE67006CDAE1 /* signatures2 */;
			targetProxy = 6028AECC199CEE67006CDAE1 /* PBXContainerItemProxy */;
		};
/* End PBXTargetDependency section */

/* Begin PBXVariantGroup section */
		6028AEB8199CEE67006CDAE1 /* InfoPlist.strings */ = {
			isa = PBXVariantGroup;
			children = (
				6028AEB9199CEE67006CDAE1 /* en */,
			);
			name = InfoPlist.strings;
			sourceTree = "<group>";
		};
		6028AED1199CEE67006CDAE1 /* InfoPlist.strings */ = {
			isa = PBXVariantGroup;
			children = (
				6028AED2199CEE67006CDAE1 /* en */,
			);
			name = InfoPlist.strings;
			sourceTree = "<group>";
		};
/* End PBXVariantGroup section */

/* Begin XCBuildConfiguration section */
		6028AED6199CEE67006CDAE1 /* Debug */ = {
			isa = XCBuildConfiguration;
			buildSettings = {
				ALWAYS_SEARCH_USER_PATHS = NO;
				CLANG_CXX_LANGUAGE_STANDARD = "gnu++0x";
				CLANG_CXX_LIBRARY = "libc++";
				CLANG_ENABLE_MODULES = YES;
				CLANG_ENABLE_OBJC_ARC = YES;
				CLANG_WARN_BOOL_CONVERSION = YES;
				CLANG_WARN_CONSTANT_CONVERSION = YES;
				CLANG_WARN_DIRECT_OBJC_ISA_USAGE = YES_ERROR;
				CLANG_WARN_EMPTY_BODY = YES;
				CLANG_WARN_ENUM_CONVERSION = YES;
				CLANG_WARN_INT_CONVERSION = YES;
				CLANG_WARN_OBJC_ROOT_CLASS = YES_ERROR;
				CLANG_WARN__DUPLICATE_METHOD_MATCH = YES;
				"CODE_SIGN_IDENTITY[sdk=iphoneos*]" = "iPhone Developer";
				COPY_PHASE_STRIP = NO;
				GCC_C_LANGUAGE_STANDARD = gnu99;
				GCC_DYNAMIC_NO_PIC = NO;
				GCC_OPTIMIZATION_LEVEL = 0;
				GCC_PREPROCESSOR_DEFINITIONS = (
					"DEBUG=1",
					"$(inherited)",
				);
				GCC_SYMBOLS_PRIVATE_EXTERN = NO;
				GCC_WARN_64_TO_32_BIT_CONVERSION = YES;
				GCC_WARN_ABOUT_RETURN_TYPE = YES_ERROR;
				GCC_WARN_UNDECLARED_SELECTOR = YES;
				GCC_WARN_UNINITIALIZED_AUTOS = YES_AGGRESSIVE;
				GCC_WARN_UNUSED_FUNCTION = YES;
				GCC_WARN_UNUSED_VARIABLE = YES;
				IPHONEOS_DEPLOYMENT_TARGET = 7.1;
				ONLY_ACTIVE_ARCH = YES;
				SDKROOT = iphoneos;
			};
			name = Debug;
		};
		6028AED7199CEE67006CDAE1 /* Release */ = {
			isa = XCBuildConfiguration;
			buildSettings = {
				ALWAYS_SEARCH_USER_PATHS = NO;
				CLANG_CXX_LANGUAGE_STANDARD = "gnu++0x";
				CLANG_CXX_LIBRARY = "libc++";
				CLANG_ENABLE_MODULES = YES;
				CLANG_ENABLE_OBJC_ARC = YES;
				CLANG_WARN_BOOL_CONVERSION = YES;
				CLANG_WARN_CONSTANT_CONVERSION = YES;
				CLANG_WARN_DIRECT_OBJC_ISA_USAGE = YES_ERROR;
				CLANG_WARN_EMPTY_BODY = YES;
				CLANG_WARN_ENUM_CONVERSION = YES;
				CLANG_WARN_INT_CONVERSION = YES;
				CLANG_WARN_OBJC_ROOT_CLASS = YES_ERROR;
				CLANG_WARN__DUPLICATE_METHOD_MATCH = YES;
				"CODE_SIGN_IDENTITY[sdk=iphoneos*]" = "iPhone Developer";
				COPY_PHASE_STRIP = YES;
				ENABLE_NS_ASSERTIONS = NO;
				GCC_C_LANGUAGE_STANDARD = gnu99;
				GCC_WARN_64_TO_32_BIT_CONVERSION = YES;
				GCC_WARN_ABOUT_RETURN_TYPE = YES_ERROR;
				GCC_WARN_UNDECLARED_SELECTOR = YES;
				GCC_WARN_UNINITIALIZED_AUTOS = YES_AGGRESSIVE;
				GCC_WARN_UNUSED_FUNCTION = YES;
				GCC_WARN_UNUSED_VARIABLE = YES;
				IPHONEOS_DEPLOYMENT_TARGET = 7.1;
				SDKROOT = iphoneos;
				VALIDATE_PRODUCT = YES;
			};
			name = Release;
		};
		6028AED9199CEE67006CDAE1 /* Debug */ = {
			isa = XCBuildConfiguration;
			buildSettings = {
				ASSETCATALOG_COMPILER_APPICON_NAME = AppIcon;
				ASSETCATALOG_COMPILER_LAUNCHIMAGE_NAME = LaunchImage;
				GCC_PRECOMPILE_PREFIX_HEADER = YES;
				GCC_PREFIX_HEADER = "signatures2/signatures2-Prefix.pch";
				INFOPLIST_FILE = "signatures2/signatures2-Info.plist";
				PRODUCT_NAME = "$(TARGET_NAME)";
				WRAPPER_EXTENSION = app;
			};
			name = Debug;
		};
		6028AEDA199CEE67006CDAE1 /* Release */ = {
			isa = XCBuildConfiguration;
			buildSettings = {
				ASSETCATALOG_COMPILER_APPICON_NAME = AppIcon;
				ASSETCATALOG_COMPILER_LAUNCHIMAGE_NAME = LaunchImage;
				GCC_PRECOMPILE_PREFIX_HEADER = YES;
				GCC_PREFIX_HEADER = "signatures2/signatures2-Prefix.pch";
				INFOPLIST_FILE = "signatures2/signatures2-Info.plist";
				PRODUCT_NAME = "$(TARGET_NAME)";
				WRAPPER_EXTENSION = app;
			};
			name = Release;
		};
		6028AEDC199CEE67006CDAE1 /* Debug */ = {
			isa = XCBuildConfiguration;
			buildSettings = {
				BUNDLE_LOADER = "$(BUILT_PRODUCTS_DIR)/signatures2.app/signatures2";
				FRAMEWORK_SEARCH_PATHS = (
					"$(SDKROOT)/Developer/Library/Frameworks",
					"$(inherited)",
					"$(DEVELOPER_FRAMEWORKS_DIR)",
				);
				GCC_PRECOMPILE_PREFIX_HEADER = YES;
				GCC_PREFIX_HEADER = "signatures2/signatures2-Prefix.pch";
				GCC_PREPROCESSOR_DEFINITIONS = (
					"DEBUG=1",
					"$(inherited)",
				);
				INFOPLIST_FILE = "signatures2Tests/signatures2Tests-Info.plist";
				PRODUCT_NAME = "$(TARGET_NAME)";
				TEST_HOST = "$(BUNDLE_LOADER)";
				WRAPPER_EXTENSION = xctest;
			};
			name = Debug;
		};
		6028AEDD199CEE67006CDAE1 /* Release */ = {
			isa = XCBuildConfiguration;
			buildSettings = {
				BUNDLE_LOADER = "$(BUILT_PRODUCTS_DIR)/signatures2.app/signatures2";
				FRAMEWORK_SEARCH_PATHS = (
					"$(SDKROOT)/Developer/Library/Frameworks",
					"$(inherited)",
					"$(DEVELOPER_FRAMEWORKS_DIR)",
				);
				GCC_PRECOMPILE_PREFIX_HEADER = YES;
				GCC_PREFIX_HEADER = "signatures2/signatures2-Prefix.pch";
				INFOPLIST_FILE = "signatures2Tests/signatures2Tests-Info.plist";
				PRODUCT_NAME = "$(TARGET_NAME)";
				TEST_HOST = "$(BUNDLE_LOADER)";
				WRAPPER_EXTENSION = xctest;
			};
			name = Release;
		};
/* End XCBuildConfiguration section */

/* Begin XCConfigurationList section */
		6028AEA7199CEE67006CDAE1 /* Build configuration list for PBXProject "signatures2" */ = {
			isa = XCConfigurationList;
			buildConfigurations = (
				6028AED6199CEE67006CDAE1 /* Debug */,
				6028AED7199CEE67006CDAE1 /* Release */,
			);
			defaultConfigurationIsVisible = 0;
			defaultConfigurationName = Release;
		};
		6028AED8199CEE67006CDAE1 /* Build configuration list for PBXNativeTarget "signatures2" */ = {
			isa = XCConfigurationList;
			buildConfigurations = (
				6028AED9199CEE67006CDAE1 /* Debug */,
				6028AEDA199CEE67006CDAE1 /* Release */,
			);
			defaultConfigurationIsVisible = 0;
		};
		6028AEDB199CEE67006CDAE1 /* Build configuration list for PBXNativeTarget "signatures2Tests" */ = {
			isa = XCConfigurationList;
			buildConfigurations = (
				6028AEDC199CEE67006CDAE1 /* Debug */,
				6028AEDD199CEE67006CDAE1 /* Release */,
			);
			defaultConfigurationIsVisible = 0;
		};
/* End XCConfigurationList section */
	};
	rootObject = 6028AEA4199CEE67006CDAE1 /* Project object */;
}
